
Microsoft Visual Studio Solution File, Format Version 12.00
# Visual Studio Version 16
VisualStudioVersion = 16.0.31321.278
MinimumVisualStudioVersion = 10.0.40219.1
Project("{FAE04EC0-301F-11D3-BF4B-00C04F79EFBC}") = "GameLogic", "GameLogic\GameLogic.csproj", "{1419CB8E-F9FF-4A36-8D34-FA4AD948CDB1}"
EndProject
Project("{FAE04EC0-301F-11D3-BF4B-00C04F79EFBC}") = "GameInterface", "GameInterface\GameInterface.csproj", "{74802D9E-635E-4B58-BA09-B5F568AE846E}"
EndProject
Global
	GlobalSection(SolutionConfigurationPlatforms) = preSolution
		Debug|Any CPU = Debug|Any CPU
		Release|Any CPU = Release|Any CPU
	EndGlobalSection
	GlobalSection(ProjectConfigurationPlatforms) = postSolution
		{1419CB8E-F9FF-4A36-8D34-FA4AD948CDB1}.Debug|Any CPU.ActiveCfg = Debug|Any CPU
		{1419CB8E-F9FF-4A36-8D34-FA4AD948CDB1}.Debug|Any CPU.Build.0 = Debug|Any CPU
		{1419CB8E-F9FF-4A36-8D34-FA4AD948CDB1}.Release|Any CPU.ActiveCfg = Release|Any CPU
		{1419CB8E-F9FF-4A36-8D34-FA4AD948CDB1}.Release|Any CPU.Build.0 = Release|Any CPU
		{74802D9E-635E-4B58-BA09-B5F568AE846E}.Debug|Any CPU.ActiveCfg = Debug|Any CPU
		{74802D9E-635E-4B58-BA09-B5F568AE846E}.Debug|Any CPU.Build.0 = Debug|Any CPU
		{74802D9E-635E-4B58-BA09-B5F568AE846E}.Release|Any CPU.ActiveCfg = Release|Any CPU
		{74802D9E-635E-4B58-BA09-B5F568AE846E}.Release|Any CPU.Build.0 = Release|Any CPU
	EndGlobalSection
	GlobalSection(SolutionProperties) = preSolution
		HideSolutionNode = FALSE
	EndGlobalSection
	GlobalSection(ExtensibilityGlobals) = postSolution
		SolutionGuid = {E612738F-3522-4DC6-BF35-1F8DE19A713B}
	EndGlobalSection
EndGlobal
